
Microsoft Visual Studio Solution File, Format Version 12.00
# Visual Studio Version 16
VisualStudioVersion = 16.0.31424.327
MinimumVisualStudioVersion = 10.0.40219.1
Project("{2150E333-8FDC-42A3-9474-1A3956D46DE8}") = "src", "src", "{B4B73A75-7FE6-4B65-877E-2BF72466DF0C}"
EndProject
Project("{2150E333-8FDC-42A3-9474-1A3956D46DE8}") = "test", "test", "{DD1B61AE-9440-49DD-8D71-C579B2570FD4}"
EndProject
Project("{2150E333-8FDC-42A3-9474-1A3956D46DE8}") = "API", "API", "{D795AAAD-2A41-4063-A5DF-75B741D961ED}"
EndProject
Project("{2150E333-8FDC-42A3-9474-1A3956D46DE8}") = "Core", "Core", "{EFDF0787-3A11-4586-803E-B1622ED4548E}"
EndProject
Project("{2150E333-8FDC-42A3-9474-1A3956D46DE8}") = "Infrastructure", "Infrastructure", "{60BEBCAD-B864-44C4-9AF0-47D0E8BFD8BE}"
EndProject
Project("{2150E333-8FDC-42A3-9474-1A3956D46DE8}") = "UI", "UI", "{E1BF0514-82CC-4461-BECE-C6595F474D37}"
EndProject
Project("{9A19103F-16F7-4668-BE54-9A1E7A4F7556}") = "HR.LeaveManagement.Domain", "HR.LeaveManagement.Domain\HR.LeaveManagement.Domain.csproj", "{A472E911-244D-48C9-A86B-CDC4E02A7633}"
EndProject
Project("{9A19103F-16F7-4668-BE54-9A1E7A4F7556}") = "HR.LeaveManagement.Application", "HR.LeaveManagement.Application\HR.LeaveManagement.Application.csproj", "{5707C515-E387-49F3-AD6D-06C3F8A039BB}"
EndProject
Project("{9A19103F-16F7-4668-BE54-9A1E7A4F7556}") = "HR.LeaveManagement.Infrastructure", "HR.LeaveManagement.Infrastructure\HR.LeaveManagement.Infrastructure.csproj", "{F9DCD0C3-1300-4EA9-85D4-C02E8FC48648}"
EndProject
Project("{9A19103F-16F7-4668-BE54-9A1E7A4F7556}") = "HR.LeaveManagement.Persistence", "HR.LeaveManagement.Persistence\HR.LeaveManagement.Persistence.csproj", "{0245AF14-7769-4A88-BDFC-47973A1511FA}"
EndProject
Project("{9A19103F-16F7-4668-BE54-9A1E7A4F7556}") = "HR.LeaveManagement.Api", "HR.LeaveManagement.Api\HR.LeaveManagement.Api.csproj", "{EB59A318-70F1-4814-8D1F-0E509293DCC8}"
EndProject
Project("{9A19103F-16F7-4668-BE54-9A1E7A4F7556}") = "HR.LeaveManagement.Application.UnitTests", "HR.LeaveManagement.Application.UnitTests\HR.LeaveManagement.Application.UnitTests.csproj", "{C6A6B44C-2635-4587-B9F3-62E9F7A0C9D3}"
EndProject
Project("{9A19103F-16F7-4668-BE54-9A1E7A4F7556}") = "HR.LeaveManagement.MVC", "HR.LeaveManagement.MVC\HR.LeaveManagement.MVC.csproj", "{70AD54C5-61FE-4960-BD1C-E43761FEB79B}"
EndProject
Project("{FAE04EC0-301F-11D3-BF4B-00C04F79EFBC}") = "HR.LeaveManagement.Identity", "HR.LeaveManagement.Identity\HR.LeaveManagement.Identity.csproj", "{590B9164-81A5-4B3D-BF22-40271B9B1B4A}"
EndProject
Global
	GlobalSection(SolutionConfigurationPlatforms) = preSolution
		Debug|Any CPU = Debug|Any CPU
		Release|Any CPU = Release|Any CPU
	EndGlobalSection
	GlobalSection(ProjectConfigurationPlatforms) = postSolution
		{A472E911-244D-48C9-A86B-CDC4E02A7633}.Debug|Any CPU.ActiveCfg = Debug|Any CPU
		{A472E911-244D-48C9-A86B-CDC4E02A7633}.Debug|Any CPU.Build.0 = Debug|Any CPU
		{A472E911-244D-48C9-A86B-CDC4E02A7633}.Release|Any CPU.ActiveCfg = Release|Any CPU
		{A472E911-244D-48C9-A86B-CDC4E02A7633}.Release|Any CPU.Build.0 = Release|Any CPU
		{5707C515-E387-49F3-AD6D-06C3F8A039BB}.Debug|Any CPU.ActiveCfg = Debug|Any CPU
		{5707C515-E387-49F3-AD6D-06C3F8A039BB}.Debug|Any CPU.Build.0 = Debug|Any CPU
		{5707C515-E387-49F3-AD6D-06C3F8A039BB}.Release|Any CPU.ActiveCfg = Release|Any CPU
		{5707C515-E387-49F3-AD6D-06C3F8A039BB}.Release|Any CPU.Build.0 = Release|Any CPU
		{F9DCD0C3-1300-4EA9-85D4-C02E8FC48648}.Debug|Any CPU.ActiveCfg = Debug|Any CPU
		{F9DCD0C3-1300-4EA9-85D4-C02E8FC48648}.Debug|Any CPU.Build.0 = Debug|Any CPU
		{F9DCD0C3-1300-4EA9-85D4-C02E8FC48648}.Release|Any CPU.ActiveCfg = Release|Any CPU
		{F9DCD0C3-1300-4EA9-85D4-C02E8FC48648}.Release|Any CPU.Build.0 = Release|Any CPU
		{0245AF14-7769-4A88-BDFC-47973A1511FA}.Debug|Any CPU.ActiveCfg = Debug|Any CPU
		{0245AF14-7769-4A88-BDFC-47973A1511FA}.Debug|Any CPU.Build.0 = Debug|Any CPU
		{0245AF14-7769-4A88-BDFC-47973A1511FA}.Release|Any CPU.ActiveCfg = Release|Any CPU
		{0245AF14-7769-4A88-BDFC-47973A1511FA}.Release|Any CPU.Build.0 = Release|Any CPU
		{EB59A318-70F1-4814-8D1F-0E509293DCC8}.Debug|Any CPU.ActiveCfg = Debug|Any CPU
		{EB59A318-70F1-4814-8D1F-0E509293DCC8}.Debug|Any CPU.Build.0 = Debug|Any CPU
		{EB59A318-70F1-4814-8D1F-0E509293DCC8}.Release|Any CPU.ActiveCfg = Release|Any CPU
		{EB59A318-70F1-4814-8D1F-0E509293DCC8}.Release|Any CPU.Build.0 = Release|Any CPU
		{C6A6B44C-2635-4587-B9F3-62E9F7A0C9D3}.Debug|Any CPU.ActiveCfg = Debug|Any CPU
		{C6A6B44C-2635-4587-B9F3-62E9F7A0C9D3}.Debug|Any CPU.Build.0 = Debug|Any CPU
		{C6A6B44C-2635-4587-B9F3-62E9F7A0C9D3}.Release|Any CPU.ActiveCfg = Release|Any CPU
		{C6A6B44C-2635-4587-B9F3-62E9F7A0C9D3}.Release|Any CPU.Build.0 = Release|Any CPU
		{70AD54C5-61FE-4960-BD1C-E43761FEB79B}.Debug|Any CPU.ActiveCfg = Debug|Any CPU
		{70AD54C5-61FE-4960-BD1C-E43761FEB79B}.Debug|Any CPU.Build.0 = Debug|Any CPU
		{70AD54C5-61FE-4960-BD1C-E43761FEB79B}.Release|Any CPU.ActiveCfg = Release|Any CPU
		{70AD54C5-61FE-4960-BD1C-E43761FEB79B}.Release|Any CPU.Build.0 = Release|Any CPU
		{590B9164-81A5-4B3D-BF22-40271B9B1B4A}.Debug|Any CPU.ActiveCfg = Debug|Any CPU
		{590B9164-81A5-4B3D-BF22-40271B9B1B4A}.Debug|Any CPU.Build.0 = Debug|Any CPU
		{590B9164-81A5-4B3D-BF22-40271B9B1B4A}.Release|Any CPU.ActiveCfg = Release|Any CPU
		{590B9164-81A5-4B3D-BF22-40271B9B1B4A}.Release|Any CPU.Build.0 = Release|Any CPU
	EndGlobalSection
	GlobalSection(SolutionProperties) = preSolution
		HideSolutionNode = FALSE
	EndGlobalSection
	GlobalSection(NestedProjects) = preSolution
		{D795AAAD-2A41-4063-A5DF-75B741D961ED} = {B4B73A75-7FE6-4B65-877E-2BF72466DF0C}
		{EFDF0787-3A11-4586-803E-B1622ED4548E} = {B4B73A75-7FE6-4B65-877E-2BF72466DF0C}
		{60BEBCAD-B864-44C4-9AF0-47D0E8BFD8BE} = {B4B73A75-7FE6-4B65-877E-2BF72466DF0C}
		{E1BF0514-82CC-4461-BECE-C6595F474D37} = {B4B73A75-7FE6-4B65-877E-2BF72466DF0C}
		{A472E911-244D-48C9-A86B-CDC4E02A7633} = {EFDF0787-3A11-4586-803E-B1622ED4548E}
		{5707C515-E387-49F3-AD6D-06C3F8A039BB} = {EFDF0787-3A11-4586-803E-B1622ED4548E}
		{F9DCD0C3-1300-4EA9-85D4-C02E8FC48648} = {60BEBCAD-B864-44C4-9AF0-47D0E8BFD8BE}
		{0245AF14-7769-4A88-BDFC-47973A1511FA} = {60BEBCAD-B864-44C4-9AF0-47D0E8BFD8BE}
		{EB59A318-70F1-4814-8D1F-0E509293DCC8} = {D795AAAD-2A41-4063-A5DF-75B741D961ED}
		{C6A6B44C-2635-4587-B9F3-62E9F7A0C9D3} = {DD1B61AE-9440-49DD-8D71-C579B2570FD4}
		{70AD54C5-61FE-4960-BD1C-E43761FEB79B} = {E1BF0514-82CC-4461-BECE-C6595F474D37}
		{590B9164-81A5-4B3D-BF22-40271B9B1B4A} = {60BEBCAD-B864-44C4-9AF0-47D0E8BFD8BE}
	EndGlobalSection
	GlobalSection(ExtensibilityGlobals) = postSolution
		SolutionGuid = {04E192AE-1A6C-4A9C-A831-EA351EF1278F}
	EndGlobalSection
EndGlobal
